# THIS IS AN AUTOGENERATED FILE. DO NOT EDIT THIS FILE DIRECTLY.
# yarn lockfile v1


"@babel/parser@^7.16.4":
  version "7.17.3"
  resolved "https://registry.npmmirror.com/@babel/parser/-/parser-7.17.3.tgz"

"@intlify/core-base@9.1.9":
  version "9.1.9"
  resolved "https://registry.npmmirror.com/@intlify/core-base/-/core-base-9.1.9.tgz"
  dependencies:
    "@intlify/devtools-if" "9.1.9"
    "@intlify/message-compiler" "9.1.9"
    "@intlify/message-resolver" "9.1.9"
    "@intlify/runtime" "9.1.9"
    "@intlify/shared" "9.1.9"
    "@intlify/vue-devtools" "9.1.9"

"@intlify/devtools-if@9.1.9":
  version "9.1.9"
  resolved "https://registry.npmmirror.com/@intlify/devtools-if/-/devtools-if-9.1.9.tgz"
  dependencies:
    "@intlify/shared" "9.1.9"

"@intlify/message-compiler@9.1.9":
  version "9.1.9"
  resolved "https://registry.npmmirror.com/@intlify/message-compiler/-/message-compiler-9.1.9.tgz"
  dependencies:
    "@intlify/message-resolver" "9.1.9"
    "@intlify/shared" "9.1.9"
    source-map "0.6.1"

"@intlify/message-resolver@9.1.9":
  version "9.1.9"
  resolved "https://registry.npmmirror.com/@intlify/message-resolver/-/message-resolver-9.1.9.tgz"

"@intlify/runtime@9.1.9":
  version "9.1.9"
  resolved "https://registry.npmmirror.com/@intlify/runtime/-/runtime-9.1.9.tgz"
  dependencies:
    "@intlify/message-compiler" "9.1.9"
    "@intlify/message-resolver" "9.1.9"
    "@intlify/shared" "9.1.9"

"@intlify/shared@9.1.9":
  version "9.1.9"
  resolved "https://registry.npmmirror.com/@intlify/shared/-/shared-9.1.9.tgz"

"@intlify/vue-devtools@9.1.9":
  version "9.1.9"
  resolved "https://registry.npmmirror.com/@intlify/vue-devtools/-/vue-devtools-9.1.9.tgz"
  dependencies:
    "@intlify/message-resolver" "9.1.9"
    "@intlify/runtime" "9.1.9"
    "@intlify/shared" "9.1.9"

"@tweenjs/tween.js@^18.6.4":
  version "18.6.4"
  resolved "https://registry.npmmirror.com/@tweenjs/tween.js/-/tween.js-18.6.4.tgz"

"@types/cheerio@^0.22.8":
  version "0.22.31"
  resolved "https://registry.npmmirror.com/@types/cheerio/-/cheerio-0.22.31.tgz"
  dependencies:
    "@types/node" "*"

"@types/node@*":
  version "17.0.21"
  resolved "https://registry.npmmirror.com/@types/node/-/node-17.0.21.tgz"

"@vue/compiler-core@3.2.31":
  version "3.2.31"
  resolved "https://registry.npmmirror.com/@vue/compiler-core/-/compiler-core-3.2.31.tgz"
  dependencies:
    "@babel/parser" "^7.16.4"
    "@vue/shared" "3.2.31"
    estree-walker "^2.0.2"
    source-map "^0.6.1"

"@vue/compiler-dom@3.2.31":
  version "3.2.31"
  resolved "https://registry.npmmirror.com/@vue/compiler-dom/-/compiler-dom-3.2.31.tgz"
  dependencies:
    "@vue/compiler-core" "3.2.31"
    "@vue/shared" "3.2.31"

"@vue/compiler-sfc@3.2.31":
  version "3.2.31"
  resolved "https://registry.npmmirror.com/@vue/compiler-sfc/-/compiler-sfc-3.2.31.tgz"
  dependencies:
    "@babel/parser" "^7.16.4"
    "@vue/compiler-core" "3.2.31"
    "@vue/compiler-dom" "3.2.31"
    "@vue/compiler-ssr" "3.2.31"
    "@vue/reactivity-transform" "3.2.31"
    "@vue/shared" "3.2.31"
    estree-walker "^2.0.2"
    magic-string "^0.25.7"
    postcss "^8.1.10"
    source-map "^0.6.1"

"@vue/compiler-ssr@3.2.31":
  version "3.2.31"
  resolved "https://registry.npmmirror.com/@vue/compiler-ssr/-/compiler-ssr-3.2.31.tgz"
  dependencies:
    "@vue/compiler-dom" "3.2.31"
    "@vue/shared" "3.2.31"

"@vue/devtools-api@^6.0.0", "@vue/devtools-api@^6.0.0-beta.21", "@vue/devtools-api@^6.0.0-beta.7":
  version "6.0.12"
  resolved "https://registry.npmmirror.com/@vue/devtools-api/-/devtools-api-6.0.12.tgz"

"@vue/reactivity-transform@3.2.31":
  version "3.2.31"
  resolved "https://registry.npmmirror.com/@vue/reactivity-transform/-/reactivity-transform-3.2.31.tgz"
  dependencies:
    "@babel/parser" "^7.16.4"
    "@vue/compiler-core" "3.2.31"
    "@vue/shared" "3.2.31"
    estree-walker "^2.0.2"
    magic-string "^0.25.7"

"@vue/reactivity@3.2.31":
  version "3.2.31"
  resolved "https://registry.npmmirror.com/@vue/reactivity/-/reactivity-3.2.31.tgz"
  dependencies:
    "@vue/shared" "3.2.31"

"@vue/runtime-core@3.2.31":
  version "3.2.31"
  resolved "https://registry.npmmirror.com/@vue/runtime-core/-/runtime-core-3.2.31.tgz"
  dependencies:
    "@vue/reactivity" "3.2.31"
    "@vue/shared" "3.2.31"

"@vue/runtime-dom@3.2.31":
  version "3.2.31"
  resolved "https://registry.npmmirror.com/@vue/runtime-dom/-/runtime-dom-3.2.31.tgz"
  dependencies:
    "@vue/runtime-core" "3.2.31"
    "@vue/shared" "3.2.31"
    csstype "^2.6.8"

"@vue/server-renderer@3.2.31":
  version "3.2.31"
  resolved "https://registry.npmmirror.com/@vue/server-renderer/-/server-renderer-3.2.31.tgz"
  dependencies:
    "@vue/compiler-ssr" "3.2.31"
    "@vue/shared" "3.2.31"

"@vue/shared@3.2.31":
  version "3.2.31"
  resolved "https://registry.npmmirror.com/@vue/shared/-/shared-3.2.31.tgz"

JSONStream@^1.0.7:
  version "1.3.5"
  resolved "https://registry.npmmirror.com/JSONStream/-/JSONStream-1.3.5.tgz"
  dependencies:
    jsonparse "^1.2.0"
    through ">=2.2.7 <3"

a-sync-waterfall@^1.0.0:
  version "1.0.1"
  resolved "https://registry.npmmirror.com/a-sync-waterfall/-/a-sync-waterfall-1.0.1.tgz"

abbrev@^1.1.1:
  version "1.1.1"
  resolved "https://registry.npmmirror.com/abbrev/-/abbrev-1.1.1.tgz"

accepts@~1.3.5:
  version "1.3.7"
  resolved "https://registry.npmmirror.com/accepts/-/accepts-1.3.7.tgz"
  dependencies:
    mime-types "~2.1.24"
    negotiator "0.6.2"

amdefine@>=0.0.4:
  version "1.0.1"
  resolved "https://registry.npmmirror.com/amdefine/-/amdefine-1.0.1.tgz"
  integrity "sha1-SlKCrBZHKek2Gbz9OtFR+BfOkfU= sha512-S2Hw0TtNkMJhIabBwIojKL9YHO5T0n5eNqWJ7Lrlel/zDbftQpxpapi8tZs3X1HWa+u+QeydGmzzNU0m09+Rcg=="

ansi-regex@^5.0.0:
  version "5.0.0"
  resolved "https://registry.npmmirror.com/ansi-regex/-/ansi-regex-5.0.0.tgz"

ansi-styles@^4.1.0:
  version "4.3.0"
  resolved "https://registry.npmmirror.com/ansi-styles/-/ansi-styles-4.3.0.tgz"
  dependencies:
    color-convert "^2.0.1"

anymatch@~3.1.1:
  version "3.1.1"
  resolved "https://registry.npmmirror.com/anymatch/-/anymatch-3.1.1.tgz"
  dependencies:
    normalize-path "^3.0.0"
    picomatch "^2.0.4"

archy@^1.0.0:
  version "1.0.0"
  resolved "https://registry.npmmirror.com/archy/-/archy-1.0.0.tgz"
  integrity "sha1-+cjBN1fMHde8N5rHeyxipcKGjEA= sha512-Xg+9RwCg/0p32teKdGMPTPnVXKD0w3DfHnFTficozsAgsvq2XenPJq/MYpzzQ/v8zrOyJn6Ds39VA4JIDwFfqw=="

argparse@^1.0.7:
  version "1.0.10"
  resolved "https://registry.npmmirror.com/argparse/-/argparse-1.0.10.tgz"
  dependencies:
    sprintf-js "~1.0.2"

argparse@^2.0.1:
  version "2.0.1"
  resolved "https://registry.npmmirror.com/argparse/-/argparse-2.0.1.tgz"

asap@^2.0.3:
  version "2.0.6"
  resolved "https://registry.npmmirror.com/asap/-/asap-2.0.6.tgz"
  integrity "sha1-5QNHYR1+aQlDIIu9r+vLwvuGbUY= sha512-BSHWgDSAiKs50o2Re8ppvp3seVHXSRM44cdSsT9FfNEUUZLOGWVCsiWaRPWM1Znn+mqZ1OfVZ3z3DWEzSp7hRA=="

atob@^2.1.2:
  version "2.1.2"
  resolved "https://registry.npmmirror.com/atob/-/atob-2.1.2.tgz"

axios@^0.21.1:
  version "0.21.4"
  resolved "https://registry.npmmirror.com/axios/-/axios-0.21.4.tgz"
  dependencies:
    follow-redirects "^1.14.0"

balanced-match@^1.0.0:
  version "1.0.0"
  resolved "https://registry.npmmirror.com/balanced-match/-/balanced-match-1.0.0.tgz"
  integrity "sha1-ibTRmasr7kneFk6gK4nORi1xt2c= sha512-9Y0g0Q8rmSt+H33DfKv7FOc3v+iRI+o1lbzt8jGcIosYW37IIW/2XVYq5NPdmaD5NQ59Nk26Kl/vZbwW9Fr8vg=="

basic-auth@~2.0.1:
  version "2.0.1"
  resolved "https://registry.npmmirror.com/basic-auth/-/basic-auth-2.0.1.tgz"
  dependencies:
    safe-buffer "5.1.2"

binary-extensions@^2.0.0:
  version "2.2.0"
  resolved "https://registry.npmmirror.com/binary-extensions/-/binary-extensions-2.2.0.tgz"

bluebird@^3.2.2, bluebird@^3.5.1, bluebird@^3.5.2, bluebird@^3.5.5:
  version "3.7.2"
  resolved "https://registry.npmmirror.com/bluebird/-/bluebird-3.7.2.tgz"

boolbase@~1.0.0:
  version "1.0.0"
  resolved "https://registry.npmmirror.com/boolbase/-/boolbase-1.0.0.tgz"

brace-expansion@^1.1.7:
  version "1.1.11"
  resolved "https://registry.npmmirror.com/brace-expansion/-/brace-expansion-1.1.11.tgz"
  dependencies:
    balanced-match "^1.0.0"
    concat-map "0.0.1"

braces@^3.0.1, braces@~3.0.2:
  version "3.0.2"
  resolved "https://registry.npmmirror.com/braces/-/braces-3.0.2.tgz"
  dependencies:
    fill-range "^7.0.1"

bytes@3.0.0:
  version "3.0.0"
  resolved "https://registry.npmmirror.com/bytes/-/bytes-3.0.0.tgz"
  integrity "sha1-0ygVQE1olpn4Wk6k+odV3ROpYEg= sha512-pMhOfFDPiv9t5jjIXkHosWmkSyQbvsgEVNkz0ERHbuLh2T/7j4Mqqpz523Fe8MVY89KC6Sh/QfS2sM+SjgFDcw=="

camel-case@^4.0.0:
  version "4.1.2"
  resolved "https://registry.npmmirror.com/camel-case/-/camel-case-4.1.2.tgz"
  dependencies:
    pascal-case "^3.1.2"
    tslib "^2.0.3"

chalk@^4.0.0:
  version "4.1.0"
  resolved "https://registry.npmmirror.com/chalk/-/chalk-4.1.0.tgz"
  dependencies:
    ansi-styles "^4.1.0"
    supports-color "^7.1.0"

cheerio@0.22.0:
  version "0.22.0"
  resolved "https://registry.npmmirror.com/cheerio/-/cheerio-0.22.0.tgz"
  dependencies:
    css-select "~1.2.0"
    dom-serializer "~0.1.0"
    entities "~1.1.1"
    htmlparser2 "^3.9.1"
    lodash.assignin "^4.0.9"
    lodash.bind "^4.1.4"
    lodash.defaults "^4.0.1"
    lodash.filter "^4.4.0"
    lodash.flatten "^4.2.0"
    lodash.foreach "^4.3.0"
    lodash.map "^4.4.0"
    lodash.merge "^4.4.0"
    lodash.pick "^4.2.1"
    lodash.reduce "^4.4.0"
    lodash.reject "^4.4.0"
    lodash.some "^4.4.0"

chokidar@^3.0.0:
  version "3.5.1"
  resolved "https://registry.npmmirror.com/chokidar/-/chokidar-3.5.1.tgz"
  dependencies:
    anymatch "~3.1.1"
    braces "~3.0.2"
    glob-parent "~5.1.0"
    is-binary-path "~2.1.0"
    is-glob "~4.0.1"
    normalize-path "~3.0.0"
    readdirp "~3.5.0"
  optionalDependencies:
    fsevents "~2.3.1"

clipboard@^2.0.0:
  version "2.0.8"
  resolved "https://registry.npmmirror.com/clipboard/-/clipboard-2.0.8.tgz"
  dependencies:
    good-listener "^1.2.2"
    select "^1.1.2"
    tiny-emitter "^2.0.0"

color-convert@^2.0.1:
  version "2.0.1"
  resolved "https://registry.npmmirror.com/color-convert/-/color-convert-2.0.1.tgz"
  dependencies:
    color-name "~1.1.4"

color-name@~1.1.4:
  version "1.1.4"
  resolved "https://registry.npmmirror.com/color-name/-/color-name-1.1.4.tgz"

command-exists@^1.2.8:
  version "1.2.9"
  resolved "https://registry.npmmirror.com/command-exists/-/command-exists-1.2.9.tgz"

commander@^5.1.0:
  version "5.1.0"
  resolved "https://registry.npmmirror.com/commander/-/commander-5.1.0.tgz"

compressible@~2.0.16:
  version "2.0.18"
  resolved "https://registry.npmmirror.com/compressible/-/compressible-2.0.18.tgz"
  dependencies:
    mime-db ">= 1.43.0 < 2"

compression@^1.7.4:
  version "1.7.4"
  resolved "https://registry.npmmirror.com/compression/-/compression-1.7.4.tgz"
  dependencies:
    accepts "~1.3.5"
    bytes "3.0.0"
    compressible "~2.0.16"
    debug "2.6.9"
    on-headers "~1.0.2"
    safe-buffer "5.1.2"
    vary "~1.1.2"

concat-map@0.0.1:
  version "0.0.1"
  resolved "https://registry.npmmirror.com/concat-map/-/concat-map-0.0.1.tgz"
  integrity "sha1-2Klr13/Wjfd5OnMDajug1UBdR3s= sha512-/Srv4dswyQNBfohGpz9o6Yb3Gz3SrUDqBH5rTuhGR7ahtlbYKnVxw2bCFMRljaA7EXHaXZ8wsHdodFvbkhKmqg=="

connect@^3.7.0:
  version "3.7.0"
  resolved "https://registry.npmmirror.com/connect/-/connect-3.7.0.tgz"
  dependencies:
    debug "2.6.9"
    finalhandler "1.1.2"
    parseurl "~1.3.3"
    utils-merge "1.0.1"

core-js@^3.6.5:
  version "3.21.1"
  resolved "https://registry.npmmirror.com/core-js/-/core-js-3.21.1.tgz"

cross-spawn@^7.0.0:
  version "7.0.3"
  resolved "https://registry.npmmirror.com/cross-spawn/-/cross-spawn-7.0.3.tgz"
  dependencies:
    path-key "^3.1.0"
    shebang-command "^2.0.0"
    which "^2.0.1"

css-parse@1.7.x:
  version "1.7.0"
  resolved "https://registry.npmmirror.com/css-parse/-/css-parse-1.7.0.tgz"
  integrity "sha1-Mh9s9zeCpv91ERE5D8BeLGV9jJs= sha512-OI38lO4JQQX2GSisTqwiSFxiWNmLajXdW4tCCxAuiwGKjusHALQadSHBSxGlU8lrFp47IkLuU2AfSYz31qpETQ=="

css-parse@~2.0.0:
  version "2.0.0"
  resolved "https://registry.npmmirror.com/css-parse/-/css-parse-2.0.0.tgz"
  integrity "sha1-pGjuZnwW2BzPBcWMONKpfHgNv9Q= sha512-UNIFik2RgSbiTwIW1IsFwXWn6vs+bYdq83LKTSOsx7NJR7WII9dxewkHLltfTLVppoUApHV0118a4RZRI9FLwA=="
  dependencies:
    css "^2.0.0"

css-select@~1.2.0:
  version "1.2.0"
  resolved "https://registry.npmmirror.com/css-select/-/css-select-1.2.0.tgz"
  dependencies:
    boolbase "~1.0.0"
    css-what "2.1"
    domutils "1.5.1"
    nth-check "~1.0.1"

css-what@2.1:
  version "2.1.3"
  resolved "https://registry.npmmirror.com/css-what/-/css-what-2.1.3.tgz"

css@^2.0.0:
  version "2.2.4"
  resolved "https://registry.npmmirror.com/css/-/css-2.2.4.tgz"
  dependencies:
    inherits "^2.0.3"
    source-map "^0.6.1"
    source-map-resolve "^0.5.2"
    urix "^0.1.0"

csstype@^2.6.8:
  version "2.6.20"
  resolved "https://registry.npmmirror.com/csstype/-/csstype-2.6.20.tgz"

cuid@^2.1.4:
  version "2.1.8"
  resolved "https://registry.npmmirror.com/cuid/-/cuid-2.1.8.tgz"

debug@*, debug@2.6.9:
  version "2.6.9"
  resolved "https://registry.npmmirror.com/debug/-/debug-2.6.9.tgz"
  dependencies:
    ms "2.0.0"

debug@~3.1.0:
  version "3.1.0"
  resolved "https://registry.npmmirror.com/debug/-/debug-3.1.0.tgz"
  dependencies:
    ms "2.0.0"

decode-uri-component@^0.2.0:
  version "0.2.0"
  resolved "https://registry.npmmirror.com/decode-uri-component/-/decode-uri-component-0.2.0.tgz"
  integrity "sha1-6zkTMzRYd1y4TNGh+uBiEGu4dUU= sha512-hjf+xovcEn31w/EUYdTXQh/8smFL/dzYjohQGEIgjyNavaJfBY2p5F527Bo1VPATxv0VYTUC2bOcXvqFwk78Og=="

deepmerge@^4.2.2:
  version "4.2.2"
  resolved "https://registry.npmmirror.com/deepmerge/-/deepmerge-4.2.2.tgz"

delegate@^3.1.2:
  version "3.2.0"
  resolved "https://registry.npmmirror.com/delegate/-/delegate-3.2.0.tgz"

depd@~1.1.2:
  version "1.1.2"
  resolved "https://registry.npmmirror.com/depd/-/depd-1.1.2.tgz"
  integrity "sha1-m81S4UwJd2PnSbJ0xDRu0uVgtak= sha512-7emPTl6Dpo6JRXOXjLRxck+FlLRX5847cLKEn00PLAgc3g2hTZZgr+e4c2v6QpSmLeFP3n5yUo7ft6avBK/5jQ=="

depd@~2.0.0:
  version "2.0.0"
  resolved "https://registry.npmmirror.com/depd/-/depd-2.0.0.tgz"

destroy@~1.0.4:
  version "1.0.4"
  resolved "https://registry.npmmirror.com/destroy/-/destroy-1.0.4.tgz"
  integrity "sha1-l4hXRCxEdJ5CBmE+N5RiBYJqvYA= sha512-3NdhDuEXnfun/z7x9GOElY49LoqVHoGScmOKwmxhsS8N5Y+Z8KyPPDnaSzqWgYt/ji4mqwfTS34Htrk0zPIXVg=="

dom-serializer@0, dom-serializer@~0.1.0:
  version "0.1.1"
  resolved "https://registry.npmmirror.com/dom-serializer/-/dom-serializer-0.1.1.tgz"
  dependencies:
    domelementtype "^1.3.0"
    entities "^1.1.1"

dom-serializer@^1.0.1:
  version "1.2.0"
  resolved "https://registry.npmmirror.com/dom-serializer/-/dom-serializer-1.2.0.tgz"
  dependencies:
    domelementtype "^2.0.1"
    domhandler "^4.0.0"
    entities "^2.0.0"

domelementtype@1, domelementtype@^1.3.0, domelementtype@^1.3.1:
  version "1.3.1"
  resolved "https://registry.npmmirror.com/domelementtype/-/domelementtype-1.3.1.tgz"

domelementtype@^2.0.1, domelementtype@^2.1.0:
  version "2.1.0"
  resolved "https://registry.npmmirror.com/domelementtype/-/domelementtype-2.1.0.tgz"

domhandler@^2.3.0:
  version "2.4.2"
  resolved "https://registry.npmmirror.com/domhandler/-/domhandler-2.4.2.tgz"
  dependencies:
    domelementtype "1"

domhandler@^3.0.0:
  version "3.3.0"
  resolved "https://registry.npmmirror.com/domhandler/-/domhandler-3.3.0.tgz"
  dependencies:
    domelementtype "^2.0.1"

domhandler@^4.0.0:
  version "4.0.0"
  resolved "https://registry.npmmirror.com/domhandler/-/domhandler-4.0.0.tgz"
  dependencies:
    domelementtype "^2.1.0"

domutils@1.5.1:
  version "1.5.1"
  resolved "https://registry.npmmirror.com/domutils/-/domutils-1.5.1.tgz"
  dependencies:
    dom-serializer "0"
    domelementtype "1"

domutils@^1.5.1:
  version "1.7.0"
  resolved "https://registry.npmmirror.com/domutils/-/domutils-1.7.0.tgz"
  dependencies:
    dom-serializer "0"
    domelementtype "1"

domutils@^2.0.0:
  version "2.5.0"
  resolved "https://registry.npmmirror.com/domutils/-/domutils-2.5.0.tgz"
  dependencies:
    dom-serializer "^1.0.1"
    domelementtype "^2.0.1"
    domhandler "^4.0.0"

ee-first@1.1.1:
  version "1.1.1"
  resolved "https://registry.npmmirror.com/ee-first/-/ee-first-1.1.1.tgz"
  integrity "sha1-WQxhFWsK4vTwJVcyoViyZrxWsh0= sha512-WMwm9LhRUo+WUaRN+vRuETqG89IgZphVSNkdFgeb6sS/E4OrDIN7t48CAewSHXc6C8lefD8KKfr5vY61brQlow=="

ejs@^2.6.1:
  version "2.7.4"
  resolved "https://registry.npmmirror.com/ejs/-/ejs-2.7.4.tgz"

encodeurl@~1.0.2:
  version "1.0.2"
  resolved "https://registry.npmmirror.com/encodeurl/-/encodeurl-1.0.2.tgz"
  integrity "sha1-rT/0yG7C0CkyL1oCw6mmBslbP1k= sha512-TPJXq8JqFaVYm2CWmPvnP2Iyo4ZSM7/QKcSmuMLDObfpH5fi7RUGmd/rTDf+rut/saiDiQEeVTNgAmJEdAOx0w=="

entities@^1.1.1, entities@~1.1.1:
  version "1.1.2"
  resolved "https://registry.npmmirror.com/entities/-/entities-1.1.2.tgz"

entities@^2.0.0:
  version "2.2.0"
  resolved "https://registry.npmmirror.com/entities/-/entities-2.2.0.tgz"

escape-html@~1.0.3:
  version "1.0.3"
  resolved "https://registry.npmmirror.com/escape-html/-/escape-html-1.0.3.tgz"
  integrity "sha1-Aljq5NPQwJdN4cFpGI7wBR0dGYg= sha512-NiSupZ4OeuGwr68lGIeym/ksIZMJodUGOSCZ/FSnTxcrekbvqrgdUxlJOMpijaKZVjAJrWrGs/6Jy8OMuyj9ow=="

esprima@^4.0.0:
  version "4.0.1"
  resolved "https://registry.npmmirror.com/esprima/-/esprima-4.0.1.tgz"

estree-walker@^2.0.2:
  version "2.0.2"
  resolved "https://registry.npmmirror.com/estree-walker/-/estree-walker-2.0.2.tgz"

etag@~1.8.1:
  version "1.8.1"
  resolved "https://registry.npmmirror.com/etag/-/etag-1.8.1.tgz"
  integrity "sha1-Qa4u62XvpiJorr/qg6x9eSmbCIc= sha512-aIL5Fx7mawVa300al2BnEE4iNvo1qETxLrPI/o05L7z6go7fCw1J6EQmbK4FmJ2AS7kgVF/KEZWufBfdClMcPg=="

fill-range@^7.0.1:
  version "7.0.1"
  resolved "https://registry.npmmirror.com/fill-range/-/fill-range-7.0.1.tgz"
  dependencies:
    to-regex-range "^5.0.1"

finalhandler@1.1.2:
  version "1.1.2"
  resolved "https://registry.npmmirror.com/finalhandler/-/finalhandler-1.1.2.tgz"
  dependencies:
    debug "2.6.9"
    encodeurl "~1.0.2"
    escape-html "~1.0.3"
    on-finished "~2.3.0"
    parseurl "~1.3.3"
    statuses "~1.5.0"
    unpipe "~1.0.0"

follow-redirects@^1.14.0:
  version "1.14.9"
  resolved "https://registry.npmmirror.com/follow-redirects/-/follow-redirects-1.14.9.tgz"

fresh@0.5.2:
  version "0.5.2"
  resolved "https://registry.npmmirror.com/fresh/-/fresh-0.5.2.tgz"
  integrity "sha1-PYyt2Q2XZWn6g1qx+OSyOhBWBac= sha512-zJ2mQYM18rEFOudeV4GShTGIQ7RbzA7ozbU9I/XBpm7kqgMywgmylMwXHxZJmkVoYkna9d2pVXVXPdYTP9ej8Q=="

fs.realpath@^1.0.0:
  version "1.0.0"
  resolved "https://registry.npmmirror.com/fs.realpath/-/fs.realpath-1.0.0.tgz"
  integrity "sha1-FQStJSMVjKpA20onh8sBQRmU6k8= sha512-OO0pH2lK6a0hZnAdau5ItzHPI6pUlvI7jMVnxUQRtw4owF2wk8lOSabtGDCTP4Ggrg2MbGnWO9X8K1t4+fGMDw=="

fsevents@~2.3.1:
  version "2.3.2"
  resolved "https://registry.npmmirror.com/fsevents/-/fsevents-2.3.2.tgz#8a526f78b8fdf4623b709e0b975c52c24c02fd1a"

function-bind@^1.1.1:
  version "1.1.1"
  resolved "https://registry.npmmirror.com/function-bind/-/function-bind-1.1.1.tgz"

glob-parent@~5.1.0:
  version "5.1.2"
  resolved "https://registry.npmmirror.com/glob-parent/-/glob-parent-5.1.2.tgz"
  dependencies:
    is-glob "^4.0.1"

glob@7.0.x:
  version "7.0.6"
  resolved "https://registry.npmmirror.com/glob/-/glob-7.0.6.tgz"
  integrity "sha1-IRuvr0nlJbjNkyYNFKsTYVKz9Xo= sha512-f8c0rE8JiCxpa52kWPAOa3ZaYEnzofDzCQLCn3Vdk0Z5OVLq3BsRFJI4S4ykpeVW6QMGBUkMeUpoEgWnMTnw5Q=="
  dependencies:
    fs.realpath "^1.0.0"
    inflight "^1.0.4"
    inherits "2"
    minimatch "^3.0.2"
    once "^1.3.0"
    path-is-absolute "^1.0.0"

glob@^7.1.6:
  version "7.1.6"
  resolved "https://registry.npmmirror.com/glob/-/glob-7.1.6.tgz"
  dependencies:
    fs.realpath "^1.0.0"
    inflight "^1.0.4"
    inherits "2"
    minimatch "^3.0.4"
    once "^1.3.0"
    path-is-absolute "^1.0.0"

good-listener@^1.2.2:
  version "1.2.2"
  resolved "https://registry.npmmirror.com/good-listener/-/good-listener-1.2.2.tgz"
  integrity "sha1-1TswzfkxPf+33JoNR3CWqm0UXFA= sha512-goW1b+d9q/HIwbVYZzZ6SsTr4IgE+WA44A0GmPIQstuOrgsFcT7VEJ48nmr9GaRtNu0XTKacFLGnBPAM6Afouw=="
  dependencies:
    delegate "^3.1.2"

graceful-fs@^4.1.11, graceful-fs@^4.1.3:
  version "4.2.6"
  resolved "https://registry.npmmirror.com/graceful-fs/-/graceful-fs-4.2.6.tgz"

has-flag@^4.0.0:
  version "4.0.0"
  resolved "https://registry.npmmirror.com/has-flag/-/has-flag-4.0.0.tgz"

has@^1.0.3:
  version "1.0.3"
  resolved "https://registry.npmmirror.com/has/-/has-1.0.3.tgz"
  dependencies:
    function-bind "^1.1.1"

hexo-admonition@^1.1.2:
  version "1.1.2"
  resolved "https://registry.npmmirror.com/hexo-admonition/-/hexo-admonition-1.1.2.tgz"
  dependencies:
    markdown-it "^9.1.0"

hexo-cli@^4.0.0:
  version "4.2.0"
  resolved "https://registry.npmmirror.com/hexo-cli/-/hexo-cli-4.2.0.tgz"
  dependencies:
    abbrev "^1.1.1"
    bluebird "^3.5.5"
    chalk "^4.0.0"
    command-exists "^1.2.8"
    hexo-fs "^3.0.1"
    hexo-log "^2.0.0"
    hexo-util "^2.0.0"
    minimist "^1.2.5"
    resolve "^1.11.0"
    tildify "^2.0.0"

hexo-front-matter@^2.0.0:
  version "2.0.0"
  resolved "https://registry.npmmirror.com/hexo-front-matter/-/hexo-front-matter-2.0.0.tgz"
  dependencies:
    js-yaml "^3.13.1"

hexo-fs@^3.0.1, hexo-fs@^3.1.0:
  version "3.1.0"
  resolved "https://registry.npmmirror.com/hexo-fs/-/hexo-fs-3.1.0.tgz"
  dependencies:
    bluebird "^3.5.1"
    chokidar "^3.0.0"
    graceful-fs "^4.1.11"
    hexo-util "^2.0.0"

hexo-generator-archive@^1.0.0:
  version "1.0.0"
  resolved "https://registry.npmmirror.com/hexo-generator-archive/-/hexo-generator-archive-1.0.0.tgz"
  dependencies:
    hexo-pagination "1.0.0"

hexo-generator-category@^1.0.0:
  version "1.0.0"
  resolved "https://registry.npmmirror.com/hexo-generator-category/-/hexo-generator-category-1.0.0.tgz"
  dependencies:
    hexo-pagination "1.0.0"

hexo-generator-index@^2.0.0:
  version "2.0.0"
  resolved "https://registry.npmmirror.com/hexo-generator-index/-/hexo-generator-index-2.0.0.tgz"
  dependencies:
    hexo-pagination "1.0.0"
    timsort "^0.3.0"

hexo-generator-tag@^1.0.0:
  version "1.0.0"
  resolved "https://registry.npmmirror.com/hexo-generator-tag/-/hexo-generator-tag-1.0.0.tgz"
  dependencies:
    hexo-pagination "1.0.0"

hexo-i18n@^1.0.0:
  version "1.0.0"
  resolved "https://registry.npmmirror.com/hexo-i18n/-/hexo-i18n-1.0.0.tgz"
  dependencies:
    sprintf-js "^1.0.3"

hexo-log@^2.0.0:
  version "2.0.0"
  resolved "https://registry.npmmirror.com/hexo-log/-/hexo-log-2.0.0.tgz"
  dependencies:
    chalk "^4.0.0"

hexo-pagination@1.0.0:
  version "1.0.0"
  resolved "https://registry.npmmirror.com/hexo-pagination/-/hexo-pagination-1.0.0.tgz"

hexo-renderer-ejs@^1.0.0:
  version "1.0.0"
  resolved "https://registry.npmmirror.com/hexo-renderer-ejs/-/hexo-renderer-ejs-1.0.0.tgz"
  dependencies:
    ejs "^2.6.1"

hexo-renderer-marked@^3.3.0:
  version "3.3.0"
  resolved "https://registry.npmmirror.com/hexo-renderer-marked/-/hexo-renderer-marked-3.3.0.tgz"
  dependencies:
    hexo-util "^2.1.0"
    marked "^1.0.0"

hexo-renderer-stylus@^2.0.1:
  version "2.0.1"
  resolved "https://registry.npmmirror.com/hexo-renderer-stylus/-/hexo-renderer-stylus-2.0.1.tgz"
  dependencies:
    nib "^1.1.2"
    stylus "^0.54.8"

hexo-server@^2.0.0:
  version "2.0.0"
  resolved "https://registry.npmmirror.com/hexo-server/-/hexo-server-2.0.0.tgz"
  dependencies:
    bluebird "^3.5.5"
    chalk "^4.0.0"
    compression "^1.7.4"
    connect "^3.7.0"
    mime "^2.4.3"
    morgan "^1.9.1"
    open "^7.0.0"
    serve-static "^1.14.1"

hexo-theme-aurora@^1.5.5:
  version "1.5.5"
  resolved "https://registry.npmmirror.com/hexo-theme-aurora/-/hexo-theme-aurora-1.5.5.tgz"
  dependencies:
    axios "^0.21.1"
    core-js "^3.6.5"
    js-cookie "^2.2.1"
    normalize.css "^8.0.1"
    nprogress "^0.2.0"
    pinia "^2.0.0-beta.3"
    truncate-html "^1.0.3"
    vue "^3.0.7"
    vue-class-component "^8.0.0-rc.1"
    vue-i18n "^9.0.0-rc.4"
    vue-router "^4.0.3"
    vue3-click-away "^1.1.0"
    vue3-lazy "^1.0.0-alpha.1"
    vue3-scroll-spy "^1.0.8"

hexo-util@^2.0.0, hexo-util@^2.1.0, hexo-util@^2.4.0:
  version "2.4.0"
  resolved "https://registry.npmmirror.com/hexo-util/-/hexo-util-2.4.0.tgz"
  dependencies:
    bluebird "^3.5.2"
    camel-case "^4.0.0"
    cross-spawn "^7.0.0"
    deepmerge "^4.2.2"
    highlight.js "^10.0.0"
    htmlparser2 "^4.0.0"
    prismjs "^1.17.1"
    strip-indent "^3.0.0"
    striptags "^3.1.1"

hexo@^5.3.0:
  version "5.4.0"
  resolved "https://registry.npmmirror.com/hexo/-/hexo-5.4.0.tgz"
  dependencies:
    abbrev "^1.1.1"
    archy "^1.0.0"
    bluebird "^3.5.2"
    chalk "^4.0.0"
    hexo-cli "^4.0.0"
    hexo-front-matter "^2.0.0"
    hexo-fs "^3.1.0"
    hexo-i18n "^1.0.0"
    hexo-log "^2.0.0"
    hexo-util "^2.4.0"
    js-yaml "^4.0.0"
    micromatch "^4.0.2"
    moment "^2.22.2"
    moment-timezone "^0.5.21"
    nunjucks "^3.2.1"
    pretty-hrtime "^1.0.3"
    resolve "^1.8.1"
    strip-ansi "^6.0.0"
    text-table "^0.2.0"
    tildify "^2.0.0"
    titlecase "^1.1.2"
    warehouse "^4.0.0"

highlight.js@^10.0.0:
  version "10.7.1"
  resolved "https://registry.npmmirror.com/highlight.js/-/highlight.js-10.7.1.tgz"

htmlparser2@^3.9.1:
  version "3.10.1"
  resolved "https://registry.npmmirror.com/htmlparser2/-/htmlparser2-3.10.1.tgz"
  dependencies:
    domelementtype "^1.3.1"
    domhandler "^2.3.0"
    domutils "^1.5.1"
    entities "^1.1.1"
    inherits "^2.0.1"
    readable-stream "^3.1.1"

htmlparser2@^4.0.0:
  version "4.1.0"
  resolved "https://registry.npmmirror.com/htmlparser2/-/htmlparser2-4.1.0.tgz"
  dependencies:
    domelementtype "^2.0.1"
    domhandler "^3.0.0"
    domutils "^2.0.0"
    entities "^2.0.0"

http-errors@~1.7.2:
  version "1.7.3"
  resolved "https://registry.npmmirror.com/http-errors/-/http-errors-1.7.3.tgz"
  dependencies:
    depd "~1.1.2"
    inherits "2.0.4"
    setprototypeof "1.1.1"
    statuses ">= 1.5.0 < 2"
    toidentifier "1.0.0"

inflight@^1.0.4:
  version "1.0.6"
  resolved "https://registry.npmmirror.com/inflight/-/inflight-1.0.6.tgz"
  integrity "sha1-Sb1jMdfQLQwJvJEKEHW6gWW1bfk= sha512-k92I/b08q4wvFscXCLvqfsHCrjrF7yiXsQuIVvVE7N82W3+aqpzuUdBbfhWcy/FZR3/4IgflMgKLOsvPDrGCJA=="
  dependencies:
    once "^1.3.0"
    wrappy "1"

inherits@2, inherits@2.0.4, inherits@^2.0.1, inherits@^2.0.3:
  version "2.0.4"
  resolved "https://registry.npmmirror.com/inherits/-/inherits-2.0.4.tgz"

is-binary-path@~2.1.0:
  version "2.1.0"
  resolved "https://registry.npmmirror.com/is-binary-path/-/is-binary-path-2.1.0.tgz"
  dependencies:
    binary-extensions "^2.0.0"

is-core-module@^2.2.0:
  version "2.2.0"
  resolved "https://registry.npmmirror.com/is-core-module/-/is-core-module-2.2.0.tgz"
  dependencies:
    has "^1.0.3"

is-docker@^2.0.0:
  version "2.1.1"
  resolved "https://registry.npmmirror.com/is-docker/-/is-docker-2.1.1.tgz"

is-extglob@^2.1.1:
  version "2.1.1"
  resolved "https://registry.npmmirror.com/is-extglob/-/is-extglob-2.1.1.tgz"
  integrity "sha1-qIwCU1eR8C7TfHahueqXc8gz+MI= sha512-SbKbANkN603Vi4jEZv49LeVJMn4yGwsbzZworEoyEiutsN3nJYdbO36zfhGJ6QEDpOZIFkDtnq5JRxmvl3jsoQ=="

is-glob@^4.0.1, is-glob@~4.0.1:
  version "4.0.1"
  resolved "https://registry.npmmirror.com/is-glob/-/is-glob-4.0.1.tgz"
  dependencies:
    is-extglob "^2.1.1"

is-number@^7.0.0:
  version "7.0.0"
  resolved "https://registry.npmmirror.com/is-number/-/is-number-7.0.0.tgz"

is-plain-object@^3.0.0:
  version "3.0.1"
  resolved "https://registry.npmmirror.com/is-plain-object/-/is-plain-object-3.0.1.tgz"

is-wsl@^2.1.1:
  version "2.2.0"
  resolved "https://registry.npmmirror.com/is-wsl/-/is-wsl-2.2.0.tgz"
  dependencies:
    is-docker "^2.0.0"

isexe@^2.0.0:
  version "2.0.0"
  resolved "https://registry.npmmirror.com/isexe/-/isexe-2.0.0.tgz"
  integrity "sha1-6PvzdNxVb/iUehDcsFctYz8s+hA= sha512-RHxMLp9lnKHGHRng9QFhRCMbYAcVpn69smSGcq3f36xjgVVWThj4qqLbTLlq7Ssj8B+fIQ1EuCEGI2lKsyQeIw=="

js-cookie@^2.2.1:
  version "2.2.1"
  resolved "https://registry.npmmirror.com/js-cookie/-/js-cookie-2.2.1.tgz"

js-yaml@^3.13.1:
  version "3.14.1"
  resolved "https://registry.npmmirror.com/js-yaml/-/js-yaml-3.14.1.tgz"
  dependencies:
    argparse "^1.0.7"
    esprima "^4.0.0"

js-yaml@^4.0.0:
  version "4.0.0"
  resolved "https://registry.npmmirror.com/js-yaml/-/js-yaml-4.0.0.tgz"
  dependencies:
    argparse "^2.0.1"

jsonparse@^1.2.0:
  version "1.3.1"
  resolved "https://registry.npmmirror.com/jsonparse/-/jsonparse-1.3.1.tgz"
  integrity "sha1-P02uSpH6wxX3EGL4UhzCOfE2YoA= sha512-POQXvpdL69+CluYsillJ7SUhKvytYjW9vG/GKpnf+xP8UWgYEM/RaMzHHofbALDiKbbP1W8UEYmgGl39WkPZsg=="

linkify-it@^2.0.0:
  version "2.2.0"
  resolved "https://registry.npmmirror.com/linkify-it/-/linkify-it-2.2.0.tgz"
  dependencies:
    uc.micro "^1.0.1"

lodash.assignin@^4.0.9:
  version "4.2.0"
  resolved "https://registry.npmmirror.com/lodash.assignin/-/lodash.assignin-4.2.0.tgz"

lodash.bind@^4.1.4:
  version "4.2.1"
  resolved "https://registry.npmmirror.com/lodash.bind/-/lodash.bind-4.2.1.tgz"

lodash.defaults@^4.0.1:
  version "4.2.0"
  resolved "https://registry.npmmirror.com/lodash.defaults/-/lodash.defaults-4.2.0.tgz"

lodash.filter@^4.4.0:
  version "4.6.0"
  resolved "https://registry.npmmirror.com/lodash.filter/-/lodash.filter-4.6.0.tgz"

lodash.flatten@^4.2.0:
  version "4.4.0"
  resolved "https://registry.npmmirror.com/lodash.flatten/-/lodash.flatten-4.4.0.tgz"

lodash.foreach@^4.3.0:
  version "4.5.0"
  resolved "https://registry.npmmirror.com/lodash.foreach/-/lodash.foreach-4.5.0.tgz"

lodash.map@^4.4.0:
  version "4.6.0"
  resolved "https://registry.npmmirror.com/lodash.map/-/lodash.map-4.6.0.tgz"

lodash.merge@^4.4.0:
  version "4.6.2"
  resolved "https://registry.npmmirror.com/lodash.merge/-/lodash.merge-4.6.2.tgz"

lodash.pick@^4.2.1:
  version "4.4.0"
  resolved "https://registry.npmmirror.com/lodash.pick/-/lodash.pick-4.4.0.tgz"

lodash.reduce@^4.4.0:
  version "4.6.0"
  resolved "https://registry.npmmirror.com/lodash.reduce/-/lodash.reduce-4.6.0.tgz"

lodash.reject@^4.4.0:
  version "4.6.0"
  resolved "https://registry.npmmirror.com/lodash.reject/-/lodash.reject-4.6.0.tgz"

lodash.some@^4.4.0:
  version "4.6.0"
  resolved "https://registry.npmmirror.com/lodash.some/-/lodash.some-4.6.0.tgz"

lower-case@^2.0.2:
  version "2.0.2"
  resolved "https://registry.npmmirror.com/lower-case/-/lower-case-2.0.2.tgz"
  dependencies:
    tslib "^2.0.3"

magic-string@^0.25.7:
  version "0.25.9"
  resolved "https://registry.npmmirror.com/magic-string/-/magic-string-0.25.9.tgz"
  dependencies:
    sourcemap-codec "^1.4.8"

markdown-it@^9.1.0:
  version "9.1.0"
  resolved "https://registry.npmmirror.com/markdown-it/-/markdown-it-9.1.0.tgz"
  dependencies:
    argparse "^1.0.7"
    entities "~1.1.1"
    linkify-it "^2.0.0"
    mdurl "^1.0.1"
    uc.micro "^1.0.5"

marked@^1.0.0:
  version "1.2.9"
  resolved "https://registry.npmmirror.com/marked/-/marked-1.2.9.tgz"

mdurl@^1.0.1:
  version "1.0.1"
  resolved "https://registry.npmmirror.com/mdurl/-/mdurl-1.0.1.tgz"

micromatch@^4.0.2:
  version "4.0.2"
  resolved "https://registry.npmmirror.com/micromatch/-/micromatch-4.0.2.tgz"
  dependencies:
    braces "^3.0.1"
    picomatch "^2.0.5"

mime-db@1.46.0, "mime-db@>= 1.43.0 < 2":
  version "1.46.0"
  resolved "https://registry.npmmirror.com/mime-db/-/mime-db-1.46.0.tgz"

mime-types@~2.1.24:
  version "2.1.29"
  resolved "https://registry.npmmirror.com/mime-types/-/mime-types-2.1.29.tgz"
  dependencies:
    mime-db "1.46.0"

mime@1.6.0:
  version "1.6.0"
  resolved "https://registry.npmmirror.com/mime/-/mime-1.6.0.tgz"

mime@^2.4.3:
  version "2.5.2"
  resolved "https://registry.npmmirror.com/mime/-/mime-2.5.2.tgz"

min-indent@^1.0.0:
  version "1.0.1"
  resolved "https://registry.npmmirror.com/min-indent/-/min-indent-1.0.1.tgz"

minimatch@^3.0.2, minimatch@^3.0.4:
  version "3.0.4"
  resolved "https://registry.npmmirror.com/minimatch/-/minimatch-3.0.4.tgz"
  dependencies:
    brace-expansion "^1.1.7"

minimist@^1.2.5:
  version "1.2.8"
  resolved "https://registry.npmmirror.com/minimist/-/minimist-1.2.8.tgz#c1a464e7693302e082a075cee0c057741ac4772c"

mkdirp@0.5.x:
  version "0.5.5"
  resolved "https://registry.npmmirror.com/mkdirp/-/mkdirp-0.5.5.tgz"
  dependencies:
    minimist "^1.2.5"

mkdirp@~1.0.4:
  version "1.0.4"
  resolved "https://registry.npmmirror.com/mkdirp/-/mkdirp-1.0.4.tgz"

moment-timezone@^0.5.21:
  version "0.5.33"
  resolved "https://registry.npmmirror.com/moment-timezone/-/moment-timezone-0.5.33.tgz"
  dependencies:
    moment ">= 2.9.0"

"moment@>= 2.9.0", moment@^2.22.2:
  version "2.29.1"
  resolved "https://registry.npmmirror.com/moment/-/moment-2.29.1.tgz"

morgan@^1.9.1:
  version "1.10.0"
  resolved "https://registry.npmmirror.com/morgan/-/morgan-1.10.0.tgz"
  dependencies:
    basic-auth "~2.0.1"
    debug "2.6.9"
    depd "~2.0.0"
    on-finished "~2.3.0"
    on-headers "~1.0.2"

ms@2.0.0:
  version "2.0.0"
  resolved "https://registry.npmmirror.com/ms/-/ms-2.0.0.tgz"
  integrity "sha1-VgiurfwAvmwpAd9fmGF4jeDVl8g= sha512-Tpp60P6IUJDTuOq/5Z8cdskzJujfwqfOTkrwIwj7IRISpnkJnT6SyJ4PCPnGMoFjC9ddhal5KVIYtAt97ix05A=="

ms@2.1.1:
  version "2.1.1"
  resolved "https://registry.npmmirror.com/ms/-/ms-2.1.1.tgz"

nanoid@^3.3.1:
  version "3.3.1"
  resolved "https://registry.npmmirror.com/nanoid/-/nanoid-3.3.1.tgz"

negotiator@0.6.2:
  version "0.6.2"
  resolved "https://registry.npmmirror.com/negotiator/-/negotiator-0.6.2.tgz"

nib@^1.1.2:
  version "1.1.2"
  resolved "https://registry.npmmirror.com/nib/-/nib-1.1.2.tgz"
  integrity "sha1-amnt5AgblcDe+L4CSkyK4MLLtsc= sha512-xBpZ9XU0vLOxp0GBTuUHt6Kcl37ZpC/rXPpKcK4LYOUnSmqp2CXkcNiJxf9bgNZeivYR6bxsaZkNHZ9deEMupQ=="
  dependencies:
    stylus "0.54.5"

no-case@^3.0.4:
  version "3.0.4"
  resolved "https://registry.npmmirror.com/no-case/-/no-case-3.0.4.tgz"
  dependencies:
    lower-case "^2.0.2"
    tslib "^2.0.3"

normalize-path@^3.0.0, normalize-path@~3.0.0:
  version "3.0.0"
  resolved "https://registry.npmmirror.com/normalize-path/-/normalize-path-3.0.0.tgz"

normalize.css@^8.0.1:
  version "8.0.1"
  resolved "https://registry.npmmirror.com/normalize.css/-/normalize.css-8.0.1.tgz"

nprogress@^0.2.0:
  version "0.2.0"
  resolved "https://registry.npmmirror.com/nprogress/-/nprogress-0.2.0.tgz"

nth-check@~1.0.1:
  version "1.0.2"
  resolved "https://registry.npmmirror.com/nth-check/-/nth-check-1.0.2.tgz"
  dependencies:
    boolbase "~1.0.0"

nunjucks@^3.2.1:
  version "3.2.3"
  resolved "https://registry.npmmirror.com/nunjucks/-/nunjucks-3.2.3.tgz"
  dependencies:
    a-sync-waterfall "^1.0.0"
    asap "^2.0.3"
    commander "^5.1.0"

on-finished@~2.3.0:
  version "2.3.0"
  resolved "https://registry.npmmirror.com/on-finished/-/on-finished-2.3.0.tgz"
  integrity "sha1-IPEzZIGwg811M3mSoWlxqi2QaUc= sha512-ikqdkGAAyf/X/gPhXGvfgAytDZtDbr+bkNUJ0N9h5MI/dmdgCs3l6hoHrcUv41sRKew3jIwrp4qQDXiK99Utww=="
  dependencies:
    ee-first "1.1.1"

on-headers@~1.0.2:
  version "1.0.2"
  resolved "https://registry.npmmirror.com/on-headers/-/on-headers-1.0.2.tgz"

once@^1.3.0:
  version "1.4.0"
  resolved "https://registry.npmmirror.com/once/-/once-1.4.0.tgz"
  integrity "sha1-WDsap3WWHUsROsF9nFC6753Xa9E= sha512-lNaJgI+2Q5URQBkccEKHTQOPaXdUxnZZElQTZY0MFUAuaEqe1E+Nyvgdz/aIyNi6Z9MzO5dv1H8n58/GELp3+w=="
  dependencies:
    wrappy "1"

open@^7.0.0:
  version "7.4.2"
  resolved "https://registry.npmmirror.com/open/-/open-7.4.2.tgz"
  dependencies:
    is-docker "^2.0.0"
    is-wsl "^2.1.1"

parseurl@~1.3.3:
  version "1.3.3"
  resolved "https://registry.npmmirror.com/parseurl/-/parseurl-1.3.3.tgz"

pascal-case@^3.1.2:
  version "3.1.2"
  resolved "https://registry.npmmirror.com/pascal-case/-/pascal-case-3.1.2.tgz"
  dependencies:
    no-case "^3.0.4"
    tslib "^2.0.3"

path-is-absolute@^1.0.0:
  version "1.0.1"
  resolved "https://registry.npmmirror.com/path-is-absolute/-/path-is-absolute-1.0.1.tgz"
  integrity "sha1-F0uSaHNVNP+8es5r9TpanhtcX18= sha512-AVbw3UJ2e9bq64vSaS9Am0fje1Pa8pbGqTTsmXfaIiMpnr5DlDhfJOuLj9Sf95ZPVDAUerDfEk88MPmPe7UCQg=="

path-key@^3.1.0:
  version "3.1.1"
  resolved "https://registry.npmmirror.com/path-key/-/path-key-3.1.1.tgz"

path-parse@^1.0.6:
  version "1.0.6"
  resolved "https://registry.npmmirror.com/path-parse/-/path-parse-1.0.6.tgz"

picocolors@^1.0.0:
  version "1.0.0"
  resolved "https://registry.npmmirror.com/picocolors/-/picocolors-1.0.0.tgz"

picomatch@^2.0.4, picomatch@^2.0.5, picomatch@^2.2.1:
  version "2.2.2"
  resolved "https://registry.npmmirror.com/picomatch/-/picomatch-2.2.2.tgz"

pinia@^2.0.0-beta.3:
  version "2.0.11"
  resolved "https://registry.npmmirror.com/pinia/-/pinia-2.0.11.tgz"
  dependencies:
    "@vue/devtools-api" "^6.0.0-beta.21"
    vue-demi "*"

postcss@^8.1.10:
  version "8.4.7"
  resolved "https://registry.npmmirror.com/postcss/-/postcss-8.4.7.tgz"
  dependencies:
    nanoid "^3.3.1"
    picocolors "^1.0.0"
    source-map-js "^1.0.2"

pretty-hrtime@^1.0.3:
  version "1.0.3"
  resolved "https://registry.npmmirror.com/pretty-hrtime/-/pretty-hrtime-1.0.3.tgz"
  integrity "sha1-t+PqQkNaTJsnWdmeDyAesZWALuE= sha512-66hKPCr+72mlfiSjlEB1+45IjXSqvVAIy6mocupoww4tBFE9R9IhwwUGoI4G++Tc9Aq+2rxOt0RFU6gPcrte0A=="

prismjs@^1.17.1:
  version "1.23.0"
  resolved "https://registry.npmmirror.com/prismjs/-/prismjs-1.23.0.tgz"
  optionalDependencies:
    clipboard "^2.0.0"

range-parser@~1.2.1:
  version "1.2.1"
  resolved "https://registry.npmmirror.com/range-parser/-/range-parser-1.2.1.tgz"

readable-stream@^3.1.1:
  version "3.6.0"
  resolved "https://registry.npmmirror.com/readable-stream/-/readable-stream-3.6.0.tgz"
  dependencies:
    inherits "^2.0.3"
    string_decoder "^1.1.1"
    util-deprecate "^1.0.1"

readdirp@~3.5.0:
  version "3.5.0"
  resolved "https://registry.npmmirror.com/readdirp/-/readdirp-3.5.0.tgz"
  dependencies:
    picomatch "^2.2.1"

resolve-url@^0.2.1:
  version "0.2.1"
  resolved "https://registry.npmmirror.com/resolve-url/-/resolve-url-0.2.1.tgz"
  integrity "sha1-LGN/53yJOv0qZj/iGqkIAGjiBSo= sha512-ZuF55hVUQaaczgOIwqWzkEcEidmlD/xl44x1UZnhOXcYuFN2S6+rcxpG+C1N3So0wvNI3DmJICUFfu2SxhBmvg=="

resolve@^1.11.0, resolve@^1.8.1:
  version "1.20.0"
  resolved "https://registry.npmmirror.com/resolve/-/resolve-1.20.0.tgz"
  dependencies:
    is-core-module "^2.2.0"
    path-parse "^1.0.6"

rfdc@^1.1.4:
  version "1.3.0"
  resolved "https://registry.npmmirror.com/rfdc/-/rfdc-1.3.0.tgz"

safe-buffer@5.1.2:
  version "5.1.2"
  resolved "https://registry.npmmirror.com/safe-buffer/-/safe-buffer-5.1.2.tgz"

safe-buffer@~5.2.0:
  version "5.2.1"
  resolved "https://registry.npmmirror.com/safe-buffer/-/safe-buffer-5.2.1.tgz"

safer-buffer@^2.1.2:
  version "2.1.2"
  resolved "https://registry.npmmirror.com/safer-buffer/-/safer-buffer-2.1.2.tgz"

sax@0.5.x:
  version "0.5.8"
  resolved "https://registry.npmmirror.com/sax/-/sax-0.5.8.tgz"
  integrity "sha1-1HLbIo6zMcJQaw6MFVJK25OdEsE= sha512-c0YL9VcSfcdH3F1Qij9qpYJFpKFKMXNOkLWFssBL3RuF7ZS8oZhllR2rWlCRjDTJsfq3R6wbSsaRU6o0rkEdNw=="

sax@~1.2.4:
  version "1.2.4"
  resolved "https://registry.npmmirror.com/sax/-/sax-1.2.4.tgz"

select@^1.1.2:
  version "1.1.2"
  resolved "https://registry.npmmirror.com/select/-/select-1.1.2.tgz"
  integrity "sha1-DnNQrN7ICxEIUoeG7B1EGNEbOW0= sha512-OwpTSOfy6xSs1+pwcNrv0RBMOzI39Lp3qQKUTPVVPRjCdNa5JH/oPRiqsesIskK8TVgmRiHwO4KXlV2Li9dANA=="

semver@^6.3.0:
  version "6.3.0"
  resolved "https://registry.npmmirror.com/semver/-/semver-6.3.0.tgz"

send@0.17.1:
  version "0.17.1"
  resolved "https://registry.npmmirror.com/send/-/send-0.17.1.tgz"
  dependencies:
    debug "2.6.9"
    depd "~1.1.2"
    destroy "~1.0.4"
    encodeurl "~1.0.2"
    escape-html "~1.0.3"
    etag "~1.8.1"
    fresh "0.5.2"
    http-errors "~1.7.2"
    mime "1.6.0"
    ms "2.1.1"
    on-finished "~2.3.0"
    range-parser "~1.2.1"
    statuses "~1.5.0"

serve-static@^1.14.1:
  version "1.14.1"
  resolved "https://registry.npmmirror.com/serve-static/-/serve-static-1.14.1.tgz"
  dependencies:
    encodeurl "~1.0.2"
    escape-html "~1.0.3"
    parseurl "~1.3.3"
    send "0.17.1"

setprototypeof@1.1.1:
  version "1.1.1"
  resolved "https://registry.npmmirror.com/setprototypeof/-/setprototypeof-1.1.1.tgz"

shebang-command@^2.0.0:
  version "2.0.0"
  resolved "https://registry.npmmirror.com/shebang-command/-/shebang-command-2.0.0.tgz"
  dependencies:
    shebang-regex "^3.0.0"

shebang-regex@^3.0.0:
  version "3.0.0"
  resolved "https://registry.npmmirror.com/shebang-regex/-/shebang-regex-3.0.0.tgz"

source-map-js@^1.0.2:
  version "1.0.2"
  resolved "https://registry.npmmirror.com/source-map-js/-/source-map-js-1.0.2.tgz"

source-map-resolve@^0.5.2:
  version "0.5.3"
  resolved "https://registry.npmmirror.com/source-map-resolve/-/source-map-resolve-0.5.3.tgz"
  dependencies:
    atob "^2.1.2"
    decode-uri-component "^0.2.0"
    resolve-url "^0.2.1"
    source-map-url "^0.4.0"
    urix "^0.1.0"

source-map-url@^0.4.0:
  version "0.4.1"
  resolved "https://registry.npmmirror.com/source-map-url/-/source-map-url-0.4.1.tgz"

source-map@0.1.x:
  version "0.1.43"
  resolved "https://registry.npmmirror.com/source-map/-/source-map-0.1.43.tgz"
  integrity "sha1-wkvBRspRfBRx9drL4lcbK3+eM0Y= sha512-VtCvB9SIQhk3aF6h+N85EaqIaBFIAfZ9Cu+NJHHVvc8BbEcnvDcFw6sqQ2dQrT6SlOrZq3tIvyD9+EGq/lJryQ=="
  dependencies:
    amdefine ">=0.0.4"

source-map@0.6.1, source-map@^0.6.1:
  version "0.6.1"
  resolved "https://registry.npmmirror.com/source-map/-/source-map-0.6.1.tgz"

source-map@^0.7.3:
  version "0.7.3"
  resolved "https://registry.npmmirror.com/source-map/-/source-map-0.7.3.tgz"

sourcemap-codec@^1.4.8:
  version "1.4.8"
  resolved "https://registry.npmmirror.com/sourcemap-codec/-/sourcemap-codec-1.4.8.tgz"

sprintf-js@^1.0.3:
  version "1.1.2"
  resolved "https://registry.npmmirror.com/sprintf-js/-/sprintf-js-1.1.2.tgz"

sprintf-js@~1.0.2:
  version "1.0.3"
  resolved "https://registry.npmmirror.com/sprintf-js/-/sprintf-js-1.0.3.tgz"
  integrity "sha1-BOaSb2YolTVPPdAVIDYzuFcpfiw= sha512-D9cPgkvLlV3t3IzL0D0YLvGA9Ahk4PcvVwUbN0dSGr1aP0Nrt4AEnTUbuGvquEC0mA64Gqt1fzirlRs5ibXx8g=="

"statuses@>= 1.5.0 < 2", statuses@~1.5.0:
  version "1.5.0"
  resolved "https://registry.npmmirror.com/statuses/-/statuses-1.5.0.tgz"
  integrity "sha1-Fhx9rBd2Wf2YEfQ3cfqZOBR4Yow= sha512-OpZ3zP+jT1PI7I8nemJX4AKmAX070ZkYPVWV/AaKTJl+tXCTGyVdC1a4SL8RUQYEwk/f34ZX8UTykN68FwrqAA=="

string_decoder@^1.1.1:
  version "1.3.0"
  resolved "https://registry.npmmirror.com/string_decoder/-/string_decoder-1.3.0.tgz"
  dependencies:
    safe-buffer "~5.2.0"

strip-ansi@^6.0.0:
  version "6.0.0"
  resolved "https://registry.npmmirror.com/strip-ansi/-/strip-ansi-6.0.0.tgz"
  dependencies:
    ansi-regex "^5.0.0"

strip-indent@^3.0.0:
  version "3.0.0"
  resolved "https://registry.npmmirror.com/strip-indent/-/strip-indent-3.0.0.tgz"
  dependencies:
    min-indent "^1.0.0"

striptags@^3.1.1:
  version "3.1.1"
  resolved "https://registry.npmmirror.com/striptags/-/striptags-3.1.1.tgz"
  integrity "sha1-yMPn/db7S7OjKjt1LltePjgJPr0= sha512-3HVl+cOkJOlNUDAYdoCAfGx/fzUzG53YvJAl3RYlTvAcBdPqSp1Uv4wrmHymm7oEypTijSQqcqplW8cz0/r/YA=="

stylus@0.54.5:
  version "0.54.5"
  resolved "https://registry.npmmirror.com/stylus/-/stylus-0.54.5.tgz"
  integrity "sha1-QrlWCTHKcJDOhRWnmLqeaqPW3Hk= sha512-4Yzg9aqLf3f4sDvO3x+Fbp2V634j9ikFGCFokIPYi+7Y4IG/nxAiPUs95MRlo+lPdTsxAs9wCzEclmPccItISA=="
  dependencies:
    css-parse "1.7.x"
    debug "*"
    glob "7.0.x"
    mkdirp "0.5.x"
    sax "0.5.x"
    source-map "0.1.x"

stylus@^0.54.8:
  version "0.54.8"
  resolved "https://registry.npmmirror.com/stylus/-/stylus-0.54.8.tgz"
  dependencies:
    css-parse "~2.0.0"
    debug "~3.1.0"
    glob "^7.1.6"
    mkdirp "~1.0.4"
    safer-buffer "^2.1.2"
    sax "~1.2.4"
    semver "^6.3.0"
    source-map "^0.7.3"

supports-color@^7.1.0:
  version "7.2.0"
  resolved "https://registry.npmmirror.com/supports-color/-/supports-color-7.2.0.tgz"
  dependencies:
    has-flag "^4.0.0"

text-table@^0.2.0:
  version "0.2.0"
  resolved "https://registry.npmmirror.com/text-table/-/text-table-0.2.0.tgz"
  integrity "sha1-f17oI66AUgfACvLfSoTsP8+lcLQ= sha512-N+8UisAXDGk8PFXP4HAzVR9nbfmVJ3zYLAWiTIoqC5v5isinhr+r5uaO8+7r3BMfuNIufIsA7RdpVgacC2cSpw=="

"through@>=2.2.7 <3":
  version "2.3.8"
  resolved "https://registry.npmmirror.com/through/-/through-2.3.8.tgz"
  integrity "sha1-DdTJ/6q8NXlgsbckEV1+Doai4fU= sha512-w89qg7PI8wAdvX60bMDP+bFoD5Dvhm9oLheFp5O4a2QF0cSBGsBX4qZmadPMvVqlLJBBci+WqGGOAPvcDeNSVg=="

tildify@^2.0.0:
  version "2.0.0"
  resolved "https://registry.npmmirror.com/tildify/-/tildify-2.0.0.tgz"

timsort@^0.3.0:
  version "0.3.0"
  resolved "https://registry.npmmirror.com/timsort/-/timsort-0.3.0.tgz"
  integrity "sha1-QFQRqOfmM5/mTbmiNN4R3DHgK9Q= sha512-qsdtZH+vMoCARQtyod4imc2nIJwg9Cc7lPRrw9CzF8ZKR0khdr8+2nX80PBhET3tcyTtJDxAffGh2rXH4tyU8A=="

tiny-emitter@^2.0.0:
  version "2.1.0"
  resolved "https://registry.npmmirror.com/tiny-emitter/-/tiny-emitter-2.1.0.tgz"

titlecase@^1.1.2:
  version "1.1.3"
  resolved "https://registry.npmmirror.com/titlecase/-/titlecase-1.1.3.tgz"

to-regex-range@^5.0.1:
  version "5.0.1"
  resolved "https://registry.npmmirror.com/to-regex-range/-/to-regex-range-5.0.1.tgz"
  dependencies:
    is-number "^7.0.0"

toidentifier@1.0.0:
  version "1.0.0"
  resolved "https://registry.npmmirror.com/toidentifier/-/toidentifier-1.0.0.tgz"

truncate-html@^1.0.3:
  version "1.0.4"
  resolved "https://registry.npmmirror.com/truncate-html/-/truncate-html-1.0.4.tgz"
  dependencies:
    "@types/cheerio" "^0.22.8"
    cheerio "0.22.0"

tslib@^2.0.3:
  version "2.1.0"
  resolved "https://registry.npmmirror.com/tslib/-/tslib-2.1.0.tgz"

uc.micro@^1.0.1, uc.micro@^1.0.5:
  version "1.0.6"
  resolved "https://registry.npmmirror.com/uc.micro/-/uc.micro-1.0.6.tgz"

unpipe@~1.0.0:
  version "1.0.0"
  resolved "https://registry.npmmirror.com/unpipe/-/unpipe-1.0.0.tgz"
  integrity "sha1-sr9O6FFKrmFltIF4KdIbLvSZBOw= sha512-pjy2bYhSsufwWlKwPc+l3cN7+wuJlK6uz0YdJEOlQDbl6jo/YlPi4mb8agUkVC8BF7V8NuzeyPNqRksA3hztKQ=="

urix@^0.1.0:
  version "0.1.0"
  resolved "https://registry.npmmirror.com/urix/-/urix-0.1.0.tgz"
  integrity "sha1-2pN/emLiH+wf0Y1Js1wpNQZ6bHI= sha512-Am1ousAhSLBeB9cG/7k7r2R0zj50uDRlZHPGbazid5s9rlF1F/QKYObEKSIunSjIOkJZqwRRLpvewjEkM7pSqg=="

util-deprecate@^1.0.1:
  version "1.0.2"
  resolved "https://registry.npmmirror.com/util-deprecate/-/util-deprecate-1.0.2.tgz"

utils-merge@1.0.1:
  version "1.0.1"
  resolved "https://registry.npmmirror.com/utils-merge/-/utils-merge-1.0.1.tgz"
  integrity "sha1-n5VxD1CiZ5R7LMwSR0HBAoQn5xM= sha512-pMZTvIkT1d+TFGvDOqodOclx0QWkkgi6Tdoa8gC8ffGAAqz9pzPTZWAybbsHHoED/ztMtkv/VoYTYyShUn81hA=="

vary@~1.1.2:
  version "1.1.2"
  resolved "https://registry.npmmirror.com/vary/-/vary-1.1.2.tgz"
  integrity "sha1-IpnwLG3tMNSllhsLn3RSShj2NPw= sha512-BNGbWLfd0eUPabhkXUVm0j8uuvREyTh5ovRa/dyow/BqAbZJyC+5fU+IzQOzmAKzYqYRAISoRhdQr3eIZ/PXqg=="

vue-class-component@^8.0.0-rc.1:
  version "8.0.0-rc.1"
  resolved "https://registry.npmmirror.com/vue-class-component/-/vue-class-component-8.0.0-rc.1.tgz"

vue-demi@*:
  version "0.12.1"
  resolved "https://registry.npmmirror.com/vue-demi/-/vue-demi-0.12.1.tgz"

vue-i18n@^9.0.0-rc.4:
  version "9.1.9"
  resolved "https://registry.npmmirror.com/vue-i18n/-/vue-i18n-9.1.9.tgz"
  dependencies:
    "@intlify/core-base" "9.1.9"
    "@intlify/shared" "9.1.9"
    "@intlify/vue-devtools" "9.1.9"
    "@vue/devtools-api" "^6.0.0-beta.7"

vue-router@^4.0.3:
  version "4.0.13"
  resolved "https://registry.npmmirror.com/vue-router/-/vue-router-4.0.13.tgz"
  dependencies:
    "@vue/devtools-api" "^6.0.0"

vue3-click-away@^1.1.0:
  version "1.2.1"
  resolved "https://registry.npmmirror.com/vue3-click-away/-/vue3-click-away-1.2.1.tgz"

vue3-lazy@^1.0.0-alpha.1:
  version "1.0.0-alpha.1"
  resolved "https://registry.npmmirror.com/vue3-lazy/-/vue3-lazy-1.0.0-alpha.1.tgz"

vue3-scroll-spy@^1.0.8:
  version "1.0.8"
  resolved "https://registry.npmmirror.com/vue3-scroll-spy/-/vue3-scroll-spy-1.0.8.tgz"
  dependencies:
    "@tweenjs/tween.js" "^18.6.4"
    vue "^3.0.6"

vue@^3.0.6, vue@^3.0.7:
  version "3.2.31"
  resolved "https://registry.npmmirror.com/vue/-/vue-3.2.31.tgz"
  dependencies:
    "@vue/compiler-dom" "3.2.31"
    "@vue/compiler-sfc" "3.2.31"
    "@vue/runtime-dom" "3.2.31"
    "@vue/server-renderer" "3.2.31"
    "@vue/shared" "3.2.31"

warehouse@^4.0.0:
  version "4.0.0"
  resolved "https://registry.npmmirror.com/warehouse/-/warehouse-4.0.0.tgz"
  dependencies:
    JSONStream "^1.0.7"
    bluebird "^3.2.2"
    cuid "^2.1.4"
    graceful-fs "^4.1.3"
    is-plain-object "^3.0.0"
    rfdc "^1.1.4"

which@^2.0.1:
  version "2.0.2"
  resolved "https://registry.npmmirror.com/which/-/which-2.0.2.tgz"
  dependencies:
    isexe "^2.0.0"

wrappy@1:
  version "1.0.2"
  resolved "https://registry.npmmirror.com/wrappy/-/wrappy-1.0.2.tgz"
  integrity "sha1-tSQ9jz7BqjXxNkYFvA0QNuMKtp8= sha512-l4Sp/DRseor9wL6EvV2+TuQn63dMkPjZ/sp9XkghTEbV9KlPS1xUsZ3u7/IQO4wxtcFB4bgpQPRcR3QCvezPcQ=="
